#MicroXplorer Configuration settings - do not modify
CORTEX_M7.AccessPermission-Cortex_Memory_Protection_Unit_Region0_Settings=MPU_REGION_FULL_ACCESS
CORTEX_M7.AccessPermission-Cortex_Memory_Protection_Unit_Region1_Settings=MPU_REGION_PRIV_RO_URO
CORTEX_M7.BaseAddress-Cortex_Memory_Protection_Unit_Region0_Settings=0x00000000
CORTEX_M7.BaseAddress-Cortex_Memory_Protection_Unit_Region1_Settings=0x08000000
CORTEX_M7.CPU_DCache=Enabled
CORTEX_M7.CPU_ICache=Enabled
CORTEX_M7.Enable-Cortex_Memory_Protection_Unit_Region0_Settings=MPU_REGION_ENABLE
CORTEX_M7.Enable-Cortex_Memory_Protection_Unit_Region1_Settings=MPU_REGION_ENABLE
CORTEX_M7.IPParameters=CPU_ICache,CPU_DCache,MPU_Control,Enable-Cortex_Memory_Protection_Unit_Region0_Settings,BaseAddress-Cortex_Memory_Protection_Unit_Region0_Settings,Size-Cortex_Memory_Protection_Unit_Region0_Settings,TypeExtField-Cortex_Memory_Protection_Unit_Region0_Settings,AccessPermission-Cortex_Memory_Protection_Unit_Region0_Settings,Enable-Cortex_Memory_Protection_Unit_Region1_Settings,BaseAddress-Cortex_Memory_Protection_Unit_Region1_Settings,Size-Cortex_Memory_Protection_Unit_Region1_Settings,AccessPermission-Cortex_Memory_Protection_Unit_Region1_Settings,IsCacheable-Cortex_Memory_Protection_Unit_Region1_Settings,IsBufferable-Cortex_Memory_Protection_Unit_Region1_Settings
CORTEX_M7.IsBufferable-Cortex_Memory_Protection_Unit_Region1_Settings=MPU_ACCESS_BUFFERABLE
CORTEX_M7.IsCacheable-Cortex_Memory_Protection_Unit_Region1_Settings=MPU_ACCESS_CACHEABLE
CORTEX_M7.MPU_Control=MPU_HARDFAULT_NMI
CORTEX_M7.Size-Cortex_Memory_Protection_Unit_Region0_Settings=MPU_REGION_SIZE_64KB
CORTEX_M7.Size-Cortex_Memory_Protection_Unit_Region1_Settings=MPU_REGION_SIZE_128KB
CORTEX_M7.TypeExtField-Cortex_Memory_Protection_Unit_Region0_Settings=MPU_TEX_LEVEL1
FREERTOS.IPParameters=Tasks01,configUSE_RECURSIVE_MUTEXES,configUSE_COUNTING_SEMAPHORES,configRECORD_STACK_HIGH_ADDRESS,configUSE_TICK_HOOK,configUSE_IDLE_HOOK,configUSE_MALLOC_FAILED_HOOK,configCHECK_FOR_STACK_OVERFLOW
FREERTOS.Tasks01=defaultTask,0,128,StartDefaultTask,Default,NULL
FREERTOS.configCHECK_FOR_STACK_OVERFLOW=2
FREERTOS.configRECORD_STACK_HIGH_ADDRESS=1
FREERTOS.configUSE_COUNTING_SEMAPHORES=1
FREERTOS.configUSE_IDLE_HOOK=1
FREERTOS.configUSE_MALLOC_FAILED_HOOK=1
FREERTOS.configUSE_RECURSIVE_MUTEXES=1
FREERTOS.configUSE_TICK_HOOK=0
File.Version=6
HASH.IPParameters=SecureHashAlgorithmType,pKey
HASH.SecureHashAlgorithmType=SHA256
HASH.pKey=__NULL
KeepUserPlacement=false
Mcu.Family=STM32H7
Mcu.IP0=CORTEX_M7
Mcu.IP1=CRC
Mcu.IP10=USART1
Mcu.IP11=USB_DEVICE
Mcu.IP12=USB_OTG_HS
Mcu.IP2=FDCAN1
Mcu.IP3=FREERTOS
Mcu.IP4=HASH
Mcu.IP5=NVIC
Mcu.IP6=RCC
Mcu.IP7=RNG
Mcu.IP8=SYS
Mcu.IP9=TIM3
Mcu.IPNb=13
Mcu.Name=STM32H750VBTx
Mcu.Package=LQFP100
Mcu.Pin0=PH0-OSC_IN (PH0)
Mcu.Pin1=PH1-OSC_OUT (PH1)
Mcu.Pin10=PB11
Mcu.Pin11=PB12
Mcu.Pin12=PB13
Mcu.Pin13=PA9
Mcu.Pin14=PA10
Mcu.Pin15=PA11
Mcu.Pin16=PA12
Mcu.Pin17=PB5
Mcu.Pin18=VP_CRC_VS_CRC
Mcu.Pin19=VP_FREERTOS_VS_CMSIS_V1
Mcu.Pin2=PC0
Mcu.Pin20=VP_HASH_VS_HASH
Mcu.Pin21=VP_RNG_VS_RNG
Mcu.Pin22=VP_SYS_VS_tim1
Mcu.Pin23=VP_TIM3_VS_ClockSourceINT
Mcu.Pin24=VP_USB_DEVICE_VS_USB_DEVICE_CDC_HS
Mcu.Pin3=PC2_C
Mcu.Pin4=PC3_C
Mcu.Pin5=PA3
Mcu.Pin6=PA5
Mcu.Pin7=PB0
Mcu.Pin8=PB1
Mcu.Pin9=PB10
Mcu.PinsNb=25
Mcu.ThirdPartyNb=0
Mcu.UserConstants=
Mcu.UserName=STM32H750VBTx
MxCube.Version=5.2.0
MxDb.Version=DB.5.0.20
NVIC.BusFault_IRQn=true\:0\:0\:false\:false\:true\:false\:false\:false
NVIC.DebugMonitor_IRQn=true\:0\:0\:false\:false\:true\:false\:false\:false
NVIC.FDCAN1_IT0_IRQn=true\:5\:0\:false\:false\:true\:true\:true\:true
NVIC.FDCAN1_IT1_IRQn=true\:5\:0\:false\:false\:true\:true\:true\:true
NVIC.HardFault_IRQn=true\:0\:0\:false\:false\:true\:false\:false\:false
NVIC.MemoryManagement_IRQn=true\:0\:0\:false\:false\:true\:false\:false\:false
NVIC.NonMaskableInt_IRQn=true\:0\:0\:false\:false\:true\:false\:false\:false
NVIC.OTG_HS_EP1_IN_IRQn=true\:5\:0\:false\:false\:true\:true\:true\:true
NVIC.OTG_HS_EP1_OUT_IRQn=true\:5\:0\:false\:false\:true\:true\:true\:true
NVIC.OTG_HS_IRQn=true\:5\:0\:false\:false\:true\:true\:false\:true
NVIC.PendSV_IRQn=true\:15\:0\:false\:false\:false\:true\:false\:false
NVIC.PriorityGroup=NVIC_PRIORITYGROUP_4
NVIC.SVCall_IRQn=true\:0\:0\:false\:false\:false\:false\:false\:false
NVIC.SysTick_IRQn=true\:15\:0\:false\:false\:false\:true\:false\:true
NVIC.TIM1_UP_IRQn=true\:0\:0\:false\:false\:true\:false\:false\:true
NVIC.TimeBase=TIM1_UP_IRQn
NVIC.TimeBaseIP=TIM1
NVIC.USART1_IRQn=true\:5\:0\:false\:false\:true\:true\:true\:true
NVIC.UsageFault_IRQn=true\:0\:0\:false\:false\:true\:false\:false\:false
PA10.Locked=true
PA10.Mode=Asynchronous
PA10.Signal=USART1_RX
PA11.Mode=FDCANFD
PA11.Signal=FDCAN1_RX
PA12.Mode=FDCANFD
PA12.Signal=FDCAN1_TX
PA3.Mode=Device_HS
PA3.Signal=USB_OTG_HS_ULPI_D0
PA5.Mode=Device_HS
PA5.Signal=USB_OTG_HS_ULPI_CK
PA9.Locked=true
PA9.Mode=Asynchronous
PA9.Signal=USART1_TX
PB0.Mode=Device_HS
PB0.Signal=USB_OTG_HS_ULPI_D1
PB1.Mode=Device_HS
PB1.Signal=USB_OTG_HS_ULPI_D2
PB10.Mode=Device_HS
PB10.Signal=USB_OTG_HS_ULPI_D3
PB11.Mode=Device_HS
PB11.Signal=USB_OTG_HS_ULPI_D4
PB12.Mode=Device_HS
PB12.Signal=USB_OTG_HS_ULPI_D5
PB13.Mode=Device_HS
PB13.Signal=USB_OTG_HS_ULPI_D6
PB5.Mode=Device_HS
PB5.Signal=USB_OTG_HS_ULPI_D7
PC0.Mode=Device_HS
PC0.Signal=USB_OTG_HS_ULPI_STP
PC2_C.Mode=Device_HS
PC2_C.Signal=USB_OTG_HS_ULPI_DIR
PC3_C.Mode=Device_HS
PC3_C.Signal=USB_OTG_HS_ULPI_NXT
PCC.Checker=true
PCC.Line=STM32H750 Value line
PCC.MCU=STM32H750VBTx
PCC.PartNumber=STM32H750VBTx
PCC.Seq0=0
PCC.Series=STM32H7
PCC.Temperature=25
PCC.Vdd=3.0
PH0-OSC_IN\ (PH0).Mode=HSE-External-Oscillator
PH0-OSC_IN\ (PH0).Signal=RCC_OSC_IN
PH1-OSC_OUT\ (PH1).Mode=HSE-External-Oscillator
PH1-OSC_OUT\ (PH1).Signal=RCC_OSC_OUT
PinOutPanel.RotationAngle=0
ProjectManager.AskForMigrate=true
ProjectManager.BackupPrevious=false
ProjectManager.CompilerOptimize=6
ProjectManager.ComputerToolchain=false
ProjectManager.CoupleFile=false
ProjectManager.CustomerFirmwarePackage=
ProjectManager.DefaultFWLocation=true
ProjectManager.DeletePrevious=true
ProjectManager.DeviceId=STM32H750VBTx
ProjectManager.FirmwarePackage=STM32Cube FW_H7 V1.4.0
ProjectManager.FreePins=false
ProjectManager.HalAssertFull=false
ProjectManager.HeapSize=0x200
ProjectManager.KeepUserCode=true
ProjectManager.LastFirmware=true
ProjectManager.LibraryCopy=0
ProjectManager.MainLocation=Src
ProjectManager.NoMain=false
ProjectManager.PreviousToolchain=TrueSTUDIO
ProjectManager.ProjectBuild=false
ProjectManager.ProjectFileName=cubemx_can_usb_fw_1_4_0.ioc
ProjectManager.ProjectName=cubemx_can_usb_fw_1_4_0
ProjectManager.StackSize=0x400
ProjectManager.TargetToolchain=TrueSTUDIO
ProjectManager.ToolChainLocation=
ProjectManager.UnderRoot=true
ProjectManager.functionlistsort=1-MX_GPIO_Init-GPIO-false-HAL-true,2-SystemClock_Config-RCC-false-HAL-false,3-MX_FDCAN1_Init-FDCAN1-false-HAL-true,4-MX_CRC_Init-CRC-false-HAL-true,5-MX_HASH_Init-HASH-false-HAL-true,6-MX_RNG_Init-RNG-false-HAL-true,7-MX_TIM3_Init-TIM3-false-HAL-true,8-MX_USART1_UART_Init-USART1-false-HAL-true
RCC.ADCFreq_Value=120000000
RCC.AHB12Freq_Value=100000000
RCC.AHB4Freq_Value=100000000
RCC.APB1Freq_Value=100000000
RCC.APB2Freq_Value=100000000
RCC.APB3Freq_Value=100000000
RCC.APB4Freq_Value=100000000
RCC.AXIClockFreq_Value=100000000
RCC.CECFreq_Value=32000
RCC.CKPERFreq_Value=64000000
RCC.CortexFreq_Value=200000000
RCC.CpuClockFreq_Value=200000000
RCC.D1CPREFreq_Value=200000000
RCC.DFSDMACLkFreq_Value=200000000
RCC.DFSDMFreq_Value=100000000
RCC.DIVM1=3
RCC.DIVM2=2
RCC.DIVM3=2
RCC.DIVN1=50
RCC.DIVN2=20
RCC.DIVN3=20
RCC.DIVP1Freq_Value=200000000
RCC.DIVP2Freq_Value=120000000
RCC.DIVP3Freq_Value=120000000
RCC.DIVQ1Freq_Value=200000000
RCC.DIVQ2=4
RCC.DIVQ2Freq_Value=60000000
RCC.DIVQ3Freq_Value=120000000
RCC.DIVR1Freq_Value=200000000
RCC.DIVR2Freq_Value=120000000
RCC.DIVR3Freq_Value=120000000
RCC.FDCANFreq_Value=200000000
RCC.FMCFreq_Value=100000000
RCC.FamilyName=M
RCC.HCLK3ClockFreq_Value=100000000
RCC.HCLKFreq_Value=100000000
RCC.HPRE=RCC_HCLK_DIV2
RCC.HRTIMFreq_Value=100000000
RCC.HSE_VALUE=24000000
RCC.I2C123Freq_Value=100000000
RCC.I2C4Freq_Value=100000000
RCC.IPParameters=ADCFreq_Value,AHB12Freq_Value,AHB4Freq_Value,APB1Freq_Value,APB2Freq_Value,APB3Freq_Value,APB4Freq_Value,AXIClockFreq_Value,CECFreq_Value,CKPERFreq_Value,CortexFreq_Value,CpuClockFreq_Value,D1CPREFreq_Value,DFSDMACLkFreq_Value,DFSDMFreq_Value,DIVM1,DIVM2,DIVM3,DIVN1,DIVN2,DIVN3,DIVP1Freq_Value,DIVP2Freq_Value,DIVP3Freq_Value,DIVQ1Freq_Value,DIVQ2,DIVQ2Freq_Value,DIVQ3Freq_Value,DIVR1Freq_Value,DIVR2Freq_Value,DIVR3Freq_Value,FDCANFreq_Value,FMCFreq_Value,FamilyName,HCLK3ClockFreq_Value,HCLKFreq_Value,HPRE,HRTIMFreq_Value,HSE_VALUE,I2C123Freq_Value,I2C4Freq_Value,LPTIM1Freq_Value,LPTIM2Freq_Value,LPTIM345Freq_Value,LPUART1Freq_Value,LTDCFreq_Value,MCO1PinFreq_Value,MCO2PinFreq_Value,PLLSourceVirtual,PWR_Regulator_Voltage_Scale,QSPIFreq_Value,RNGFreq_Value,RTCFreq_Value,SAI1Freq_Value,SAI23Freq_Value,SAI4AFreq_Value,SAI4BFreq_Value,SDMMCFreq_Value,SPDIFRXFreq_Value,SPI123Freq_Value,SPI45Freq_Value,SPI6Freq_Value,SWPMI1Freq_Value,SYSCLKFreq_VALUE,SYSCLKSource,Tim1OutputFreq_Value,Tim2OutputFreq_Value,TraceFreq_Value,USART16Freq_Value,USART234578Freq_Value,USBFreq_Value,VCO1OutputFreq_Value,VCO2OutputFreq_Value,VCO3OutputFreq_Value,VCOInput1Freq_Value,VCOInput2Freq_Value,VCOInput3Freq_Value
RCC.LPTIM1Freq_Value=100000000
RCC.LPTIM2Freq_Value=100000000
RCC.LPTIM345Freq_Value=100000000
RCC.LPUART1Freq_Value=100000000
RCC.LTDCFreq_Value=120000000
RCC.MCO1PinFreq_Value=64000000
RCC.MCO2PinFreq_Value=200000000
RCC.PLLSourceVirtual=RCC_PLLSOURCE_HSE
RCC.PWR_Regulator_Voltage_Scale=PWR_REGULATOR_VOLTAGE_SCALE2
RCC.QSPIFreq_Value=100000000
RCC.RNGFreq_Value=48000000
RCC.RTCFreq_Value=32000
RCC.SAI1Freq_Value=200000000
RCC.SAI23Freq_Value=200000000
RCC.SAI4AFreq_Value=200000000
RCC.SAI4BFreq_Value=200000000
RCC.SDMMCFreq_Value=200000000
RCC.SPDIFRXFreq_Value=200000000
RCC.SPI123Freq_Value=200000000
RCC.SPI45Freq_Value=100000000
RCC.SPI6Freq_Value=100000000
RCC.SWPMI1Freq_Value=100000000
RCC.SYSCLKFreq_VALUE=200000000
RCC.SYSCLKSource=RCC_SYSCLKSOURCE_PLLCLK
RCC.Tim1OutputFreq_Value=100000000
RCC.Tim2OutputFreq_Value=100000000
RCC.TraceFreq_Value=64000000
RCC.USART16Freq_Value=100000000
RCC.USART234578Freq_Value=100000000
RCC.USBFreq_Value=200000000
RCC.VCO1OutputFreq_Value=400000000
RCC.VCO2OutputFreq_Value=240000000
RCC.VCO3OutputFreq_Value=240000000
RCC.VCOInput1Freq_Value=8000000
RCC.VCOInput2Freq_Value=12000000
RCC.VCOInput3Freq_Value=12000000
USART1.FIFOMode=FIFOMODE_ENABLE
USART1.IPParameters=VirtualMode-Asynchronous,FIFOMode
USART1.VirtualMode-Asynchronous=VM_ASYNC
USB_DEVICE.CLASS_NAME_HS=CDC
USB_DEVICE.IPParameters=VirtualMode-CDC_HS,VirtualModeHS,CLASS_NAME_HS,USBD_SELF_POWERED-CDC_HS
USB_DEVICE.USBD_SELF_POWERED-CDC_HS=0
USB_DEVICE.VirtualMode-CDC_HS=Cdc
USB_DEVICE.VirtualModeHS=Cdc_HS
USB_OTG_HS.IPParameters=VirtualMode-Device_HS,dma_enable-Device_HS
USB_OTG_HS.VirtualMode-Device_HS=Device_HS
USB_OTG_HS.dma_enable-Device_HS=DISABLE
VP_CRC_VS_CRC.Mode=CRC_Activate
VP_CRC_VS_CRC.Signal=CRC_VS_CRC
VP_FREERTOS_VS_CMSIS_V1.Mode=CMSIS_V1
VP_FREERTOS_VS_CMSIS_V1.Signal=FREERTOS_VS_CMSIS_V1
VP_HASH_VS_HASH.Mode=HASH_Activate
VP_HASH_VS_HASH.Signal=HASH_VS_HASH
VP_RNG_VS_RNG.Mode=RNG_Activate
VP_RNG_VS_RNG.Signal=RNG_VS_RNG
VP_SYS_VS_tim1.Mode=TIM1
VP_SYS_VS_tim1.Signal=SYS_VS_tim1
VP_TIM3_VS_ClockSourceINT.Mode=Internal
VP_TIM3_VS_ClockSourceINT.Signal=TIM3_VS_ClockSourceINT
VP_USB_DEVICE_VS_USB_DEVICE_CDC_HS.Mode=CDC_HS
VP_USB_DEVICE_VS_USB_DEVICE_CDC_HS.Signal=USB_DEVICE_VS_USB_DEVICE_CDC_HS
board=custom
